
Microsoft Visual Studio Solution File, Format Version 12.00
# Visual Studio Version 17
VisualStudioVersion = 17.0.31903.59
MinimumVisualStudioVersion = 10.0.40219.1
Project("{2150E333-8FDC-42A3-9474-1A3956D46DE8}") = "src", "src", "{827E0CD3-B72D-47B6-A68D-7590B98EB39B}"
EndProject
Project("{FAE04EC0-301F-11D3-BF4B-00C04F79EFBC}") = "Common", "src\Common\Common.csproj", "{CE6522E4-B735-4201-9D59-A44A85FE9273}"
EndProject
Project("{FAE04EC0-301F-11D3-BF4B-00C04F79EFBC}") = "Domain", "src\Domain\Domain.csproj", "{C2AF4FB4-4012-46FD-8069-FF2646633B15}"
EndProject
Project("{FAE04EC0-301F-11D3-BF4B-00C04F79EFBC}") = "Application", "src\Application\Application.csproj", "{C3F91083-CD47-4968-A109-8D1B796A2075}"
EndProject
Project("{FAE04EC0-301F-11D3-BF4B-00C04F79EFBC}") = "Infrastructure", "src\Infrastructure\Infrastructure.csproj", "{BE0742AD-2E1A-4C3D-A4D1-E25BE188B874}"
EndProject
Project("{FAE04EC0-301F-11D3-BF4B-00C04F79EFBC}") = "WebApi", "src\WebApi\WebApi.csproj", "{0D54AFD6-3CE3-4FBB-99DD-D55C04C2E767}"
EndProject
Global
	GlobalSection(SolutionConfigurationPlatforms) = preSolution
		Debug|Any CPU = Debug|Any CPU
		Debug|x64 = Debug|x64
		Debug|x86 = Debug|x86
		Release|Any CPU = Release|Any CPU
		Release|x64 = Release|x64
		Release|x86 = Release|x86
	EndGlobalSection
	GlobalSection(ProjectConfigurationPlatforms) = postSolution
		{CE6522E4-B735-4201-9D59-A44A85FE9273}.Debug|Any CPU.ActiveCfg = Debug|Any CPU
		{CE6522E4-B735-4201-9D59-A44A85FE9273}.Debug|Any CPU.Build.0 = Debug|Any CPU
		{CE6522E4-B735-4201-9D59-A44A85FE9273}.Debug|x64.ActiveCfg = Debug|Any CPU
		{CE6522E4-B735-4201-9D59-A44A85FE9273}.Debug|x64.Build.0 = Debug|Any CPU
		{CE6522E4-B735-4201-9D59-A44A85FE9273}.Debug|x86.ActiveCfg = Debug|Any CPU
		{CE6522E4-B735-4201-9D59-A44A85FE9273}.Debug|x86.Build.0 = Debug|Any CPU
		{CE6522E4-B735-4201-9D59-A44A85FE9273}.Release|Any CPU.ActiveCfg = Release|Any CPU
		{CE6522E4-B735-4201-9D59-A44A85FE9273}.Release|Any CPU.Build.0 = Release|Any CPU
		{CE6522E4-B735-4201-9D59-A44A85FE9273}.Release|x64.ActiveCfg = Release|Any CPU
		{CE6522E4-B735-4201-9D59-A44A85FE9273}.Release|x64.Build.0 = Release|Any CPU
		{CE6522E4-B735-4201-9D59-A44A85FE9273}.Release|x86.ActiveCfg = Release|Any CPU
		{CE6522E4-B735-4201-9D59-A44A85FE9273}.Release|x86.Build.0 = Release|Any CPU
		{C2AF4FB4-4012-46FD-8069-FF2646633B15}.Debug|Any CPU.ActiveCfg = Debug|Any CPU
		{C2AF4FB4-4012-46FD-8069-FF2646633B15}.Debug|Any CPU.Build.0 = Debug|Any CPU
		{C2AF4FB4-4012-46FD-8069-FF2646633B15}.Debug|x64.ActiveCfg = Debug|Any CPU
		{C2AF4FB4-4012-46FD-8069-FF2646633B15}.Debug|x64.Build.0 = Debug|Any CPU
		{C2AF4FB4-4012-46FD-8069-FF2646633B15}.Debug|x86.ActiveCfg = Debug|Any CPU
		{C2AF4FB4-4012-46FD-8069-FF2646633B15}.Debug|x86.Build.0 = Debug|Any CPU
		{C2AF4FB4-4012-46FD-8069-FF2646633B15}.Release|Any CPU.ActiveCfg = Release|Any CPU
		{C2AF4FB4-4012-46FD-8069-FF2646633B15}.Release|Any CPU.Build.0 = Release|Any CPU
		{C2AF4FB4-4012-46FD-8069-FF2646633B15}.Release|x64.ActiveCfg = Release|Any CPU
		{C2AF4FB4-4012-46FD-8069-FF2646633B15}.Release|x64.Build.0 = Release|Any CPU
		{C2AF4FB4-4012-46FD-8069-FF2646633B15}.Release|x86.ActiveCfg = Release|Any CPU
		{C2AF4FB4-4012-46FD-8069-FF2646633B15}.Release|x86.Build.0 = Release|Any CPU
		{C3F91083-CD47-4968-A109-8D1B796A2075}.Debug|Any CPU.ActiveCfg = Debug|Any CPU
		{C3F91083-CD47-4968-A109-8D1B796A2075}.Debug|Any CPU.Build.0 = Debug|Any CPU
		{C3F91083-CD47-4968-A109-8D1B796A2075}.Debug|x64.ActiveCfg = Debug|Any CPU
		{C3F91083-CD47-4968-A109-8D1B796A2075}.Debug|x64.Build.0 = Debug|Any CPU
		{C3F91083-CD47-4968-A109-8D1B796A2075}.Debug|x86.ActiveCfg = Debug|Any CPU
		{C3F91083-CD47-4968-A109-8D1B796A2075}.Debug|x86.Build.0 = Debug|Any CPU
		{C3F91083-CD47-4968-A109-8D1B796A2075}.Release|Any CPU.ActiveCfg = Release|Any CPU
		{C3F91083-CD47-4968-A109-8D1B796A2075}.Release|Any CPU.Build.0 = Release|Any CPU
		{C3F91083-CD47-4968-A109-8D1B796A2075}.Release|x64.ActiveCfg = Release|Any CPU
		{C3F91083-CD47-4968-A109-8D1B796A2075}.Release|x64.Build.0 = Release|Any CPU
		{C3F91083-CD47-4968-A109-8D1B796A2075}.Release|x86.ActiveCfg = Release|Any CPU
		{C3F91083-CD47-4968-A109-8D1B796A2075}.Release|x86.Build.0 = Release|Any CPU
		{BE0742AD-2E1A-4C3D-A4D1-E25BE188B874}.Debug|Any CPU.ActiveCfg = Debug|Any CPU
		{BE0742AD-2E1A-4C3D-A4D1-E25BE188B874}.Debug|Any CPU.Build.0 = Debug|Any CPU
		{BE0742AD-2E1A-4C3D-A4D1-E25BE188B874}.Debug|x64.ActiveCfg = Debug|Any CPU
		{BE0742AD-2E1A-4C3D-A4D1-E25BE188B874}.Debug|x64.Build.0 = Debug|Any CPU
		{BE0742AD-2E1A-4C3D-A4D1-E25BE188B874}.Debug|x86.ActiveCfg = Debug|Any CPU
		{BE0742AD-2E1A-4C3D-A4D1-E25BE188B874}.Debug|x86.Build.0 = Debug|Any CPU
		{BE0742AD-2E1A-4C3D-A4D1-E25BE188B874}.Release|Any CPU.ActiveCfg = Release|Any CPU
		{BE0742AD-2E1A-4C3D-A4D1-E25BE188B874}.Release|Any CPU.Build.0 = Release|Any CPU
		{BE0742AD-2E1A-4C3D-A4D1-E25BE188B874}.Release|x64.ActiveCfg = Release|Any CPU
		{BE0742AD-2E1A-4C3D-A4D1-E25BE188B874}.Release|x64.Build.0 = Release|Any CPU
		{BE0742AD-2E1A-4C3D-A4D1-E25BE188B874}.Release|x86.ActiveCfg = Release|Any CPU
		{BE0742AD-2E1A-4C3D-A4D1-E25BE188B874}.Release|x86.Build.0 = Release|Any CPU
		{0D54AFD6-3CE3-4FBB-99DD-D55C04C2E767}.Debug|Any CPU.ActiveCfg = Debug|Any CPU
		{0D54AFD6-3CE3-4FBB-99DD-D55C04C2E767}.Debug|Any CPU.Build.0 = Debug|Any CPU
		{0D54AFD6-3CE3-4FBB-99DD-D55C04C2E767}.Debug|x64.ActiveCfg = Debug|Any CPU
		{0D54AFD6-3CE3-4FBB-99DD-D55C04C2E767}.Debug|x64.Build.0 = Debug|Any CPU
		{0D54AFD6-3CE3-4FBB-99DD-D55C04C2E767}.Debug|x86.ActiveCfg = Debug|Any CPU
		{0D54AFD6-3CE3-4FBB-99DD-D55C04C2E767}.Debug|x86.Build.0 = Debug|Any CPU
		{0D54AFD6-3CE3-4FBB-99DD-D55C04C2E767}.Release|Any CPU.ActiveCfg = Release|Any CPU
		{0D54AFD6-3CE3-4FBB-99DD-D55C04C2E767}.Release|Any CPU.Build.0 = Release|Any CPU
		{0D54AFD6-3CE3-4FBB-99DD-D55C04C2E767}.Release|x64.ActiveCfg = Release|Any CPU
		{0D54AFD6-3CE3-4FBB-99DD-D55C04C2E767}.Release|x64.Build.0 = Release|Any CPU
		{0D54AFD6-3CE3-4FBB-99DD-D55C04C2E767}.Release|x86.ActiveCfg = Release|Any CPU
		{0D54AFD6-3CE3-4FBB-99DD-D55C04C2E767}.Release|x86.Build.0 = Release|Any CPU
	EndGlobalSection
	GlobalSection(SolutionProperties) = preSolution
		HideSolutionNode = FALSE
	EndGlobalSection
	GlobalSection(NestedProjects) = preSolution
		{CE6522E4-B735-4201-9D59-A44A85FE9273} = {827E0CD3-B72D-47B6-A68D-7590B98EB39B}
		{C2AF4FB4-4012-46FD-8069-FF2646633B15} = {827E0CD3-B72D-47B6-A68D-7590B98EB39B}
		{C3F91083-CD47-4968-A109-8D1B796A2075} = {827E0CD3-B72D-47B6-A68D-7590B98EB39B}
		{BE0742AD-2E1A-4C3D-A4D1-E25BE188B874} = {827E0CD3-B72D-47B6-A68D-7590B98EB39B}
		{0D54AFD6-3CE3-4FBB-99DD-D55C04C2E767} = {827E0CD3-B72D-47B6-A68D-7590B98EB39B}
	EndGlobalSection
EndGlobal
